
Microsoft Visual Studio Solution File, Format Version 12.00
# Visual Studio 15
VisualStudioVersion = 15.0.28307.757
MinimumVisualStudioVersion = 10.0.40219.1
Project("{FAE04EC0-301F-11D3-BF4B-00C04F79EFBC}") = "Rolezz", "Rolezz\Rolezz.csproj", "{C2D2186D-4C8B-44B3-8D59-35637094233A}"
EndProject
Global
	GlobalSection(SolutionConfigurationPlatforms) = preSolution
		Debug|Any CPU = Debug|Any CPU
		Release|Any CPU = Release|Any CPU
	EndGlobalSection
	GlobalSection(ProjectConfigurationPlatforms) = postSolution
		{C2D2186D-4C8B-44B3-8D59-35637094233A}.Debug|Any CPU.ActiveCfg = Debug|Any CPU
		{C2D2186D-4C8B-44B3-8D59-35637094233A}.Debug|Any CPU.Build.0 = Debug|Any CPU
		{C2D2186D-4C8B-44B3-8D59-35637094233A}.Release|Any CPU.ActiveCfg = Release|Any CPU
		{C2D2186D-4C8B-44B3-8D59-35637094233A}.Release|Any CPU.Build.0 = Release|Any CPU
	EndGlobalSection
	GlobalSection(SolutionProperties) = preSolution
		HideSolutionNode = FALSE
	EndGlobalSection
	GlobalSection(ExtensibilityGlobals) = postSolution
		SolutionGuid = {F93D585B-4CC2-4C71-9E94-9758A350EE01}
	EndGlobalSection
EndGlobal
